
Microsoft Visual Studio Solution File, Format Version 12.00
# Visual Studio 15
VisualStudioVersion = 15.0.27703.2042
MinimumVisualStudioVersion = 10.0.40219.1
Project("{FAE04EC0-301F-11D3-BF4B-00C04F79EFBC}") = "chat_sobre_sockets", "..\chat_sobre_sockets\chat_sobre_sockets.csproj", "{CD7A52C3-E8B8-4B9F-8E03-36AA777C8354}"
EndProject
Project("{FAE04EC0-301F-11D3-BF4B-00C04F79EFBC}") = "ejemplo_de_cliente", "..\ejemplo_de_cliente\ejemplo_de_cliente.csproj", "{A4BE664C-5D5A-4C09-B639-768F6F9DD9BA}"
EndProject
Project("{FAE04EC0-301F-11D3-BF4B-00C04F79EFBC}") = "ejemplo_de_servidor", "..\ejemplo_de_servidor\ejemplo_de_servidor.csproj", "{7FCE50AD-55EC-4D56-A6F0-6A1A36B543DD}"
EndProject
Global
	GlobalSection(SolutionConfigurationPlatforms) = preSolution
		Debug|Any CPU = Debug|Any CPU
		Release|Any CPU = Release|Any CPU
	EndGlobalSection
	GlobalSection(ProjectConfigurationPlatforms) = postSolution
		{CD7A52C3-E8B8-4B9F-8E03-36AA777C8354}.Debug|Any CPU.ActiveCfg = Debug|Any CPU
		{CD7A52C3-E8B8-4B9F-8E03-36AA777C8354}.Debug|Any CPU.Build.0 = Debug|Any CPU
		{CD7A52C3-E8B8-4B9F-8E03-36AA777C8354}.Release|Any CPU.ActiveCfg = Release|Any CPU
		{CD7A52C3-E8B8-4B9F-8E03-36AA777C8354}.Release|Any CPU.Build.0 = Release|Any CPU
		{A4BE664C-5D5A-4C09-B639-768F6F9DD9BA}.Debug|Any CPU.ActiveCfg = Debug|Any CPU
		{A4BE664C-5D5A-4C09-B639-768F6F9DD9BA}.Debug|Any CPU.Build.0 = Debug|Any CPU
		{A4BE664C-5D5A-4C09-B639-768F6F9DD9BA}.Release|Any CPU.ActiveCfg = Release|Any CPU
		{A4BE664C-5D5A-4C09-B639-768F6F9DD9BA}.Release|Any CPU.Build.0 = Release|Any CPU
		{7FCE50AD-55EC-4D56-A6F0-6A1A36B543DD}.Debug|Any CPU.ActiveCfg = Debug|Any CPU
		{7FCE50AD-55EC-4D56-A6F0-6A1A36B543DD}.Debug|Any CPU.Build.0 = Debug|Any CPU
		{7FCE50AD-55EC-4D56-A6F0-6A1A36B543DD}.Release|Any CPU.ActiveCfg = Release|Any CPU
		{7FCE50AD-55EC-4D56-A6F0-6A1A36B543DD}.Release|Any CPU.Build.0 = Release|Any CPU
	EndGlobalSection
	GlobalSection(SolutionProperties) = preSolution
		HideSolutionNode = FALSE
	EndGlobalSection
	GlobalSection(ExtensibilityGlobals) = postSolution
		SolutionGuid = {28B45DB5-3798-4DCE-8C76-A910A389BDFD}
	EndGlobalSection
EndGlobal
